// !$*UTF8*$!
{
	archiveVersion = 1;
	classes = {
	};
	objectVersion = 46;
	objects = {

/* Begin PBXBuildFile section */
		18857E7A1CBE9958004DACD5 /* main.m in Sources */ = {isa = PBXBuildFile; fileRef = 18857E791CBE9958004DACD5 /* main.m */; };
		18857E7D1CBE9958004DACD5 /* AppDelegate.m in Sources */ = {isa = PBXBuildFile; fileRef = 18857E7C1CBE9958004DACD5 /* AppDelegate.m */; };
		18857E801CBE9958004DACD5 /* ViewController.m in Sources */ = {isa = PBXBuildFile; fileRef = 18857E7F1CBE9958004DACD5 /* ViewController.m */; };
		18857E831CBE9958004DACD5 /* Main.storyboard in Resources */ = {isa = PBXBuildFile; fileRef = 18857E811CBE9958004DACD5 /* Main.storyboard */; };
		18857E851CBE9958004DACD5 /* Assets.xcassets in Resources */ = {isa = PBXBuildFile; fileRef = 18857E841CBE9958004DACD5 /* Assets.xcassets */; };
		18857E881CBE9958004DACD5 /* LaunchScreen.storyboard in Resources */ = {isa = PBXBuildFile; fileRef = 18857E861CBE9958004DACD5 /* LaunchScreen.storyboard */; };
/* End PBXBuildFile section */

/* Begin PBXFileReference section */
		18857E751CBE9958004DACD5 /* QQMessageCountDemo.app */ = {isa = PBXFileReference; explicitFileType = wrapper.application; includeInIndex = 0; path = QQMessageCountDemo.app; sourceTree = BUILT_PRODUCTS_DIR; };
		18857E791CBE9958004DACD5 /* main.m */ = {isa = PBXFileReference; lastKnownFileType = sourcecode.c.objc; path = main.m; sourceTree = "<group>"; };
		18857E7B1CBE9958004DACD5 /* AppDelegate.h */ = {isa = PBXFileReference; lastKnownFileType = sourcecode.c.h; path = AppDelegate.h; sourceTree = "<group>"; };
		18857E7C1CBE9958004DACD5 /* AppDelegate.m */ = {isa = PBXFileReference; lastKnownFileType = sourcecode.c.objc; path = AppDelegate.m; sourceTree = "<group>"; };
		18857E7E1CBE9958004DACD5 /* ViewController.h */ = {isa = PBXFileReference; lastKnownFileType = sourcecode.c.h; path = ViewController.h; sourceTree = "<group>"; };
		18857E7F1CBE9958004DACD5 /* ViewController.m */ = {isa = PBXFileReference; lastKnownFileType = sourcecode.c.objc; path = ViewController.m; sourceTree = "<group>"; };
		18857E821CBE9958004DACD5 /* Base */ = {isa = PBXFileReference; lastKnownFileType = file.storyboard; name = Base; path = Base.lproj/Main.storyboard; sourceTree = "<group>"; };
		18857E841CBE9958004DACD5 /* Assets.xcassets */ = {isa = PBXFileReference; lastKnownFileType = folder.assetcatalog; path = Assets.xcassets; sourceTree = "<group>"; };
		18857E871CBE9958004DACD5 /* Base */ = {isa = PBXFileReference; lastKnownFileType = file.storyboard; name = Base; path = Base.lproj/LaunchScreen.storyboard; sourceTree = "<group>"; };
		18857E891CBE9958004DACD5 /* Info.plist */ = {isa = PBXFileReference; lastKnownFileType = text.plist.xml; path = Info.plist; sourceTree = "<group>"; };
/* End PBXFileReference section */

/* Begin PBXFrameworksBuildPhase section */
		18857E721CBE9958004DACD5 /* Frameworks */ = {
			isa = PBXFrameworksBuildPhase;
			buildActionMask = 2147483647;
			files = (
			);
			runOnlyForDeploymentPostprocessing = 0;
		};
/* End PBXFrameworksBuildPhase section */

/* Begin PBXGroup section */
		18857E6C1CBE9958004DACD5 = {
			isa = PBXGroup;
			children = (
				18857E771CBE9958004DACD5 /* QQMessageCountDemo */,
				18857E761CBE9958004DACD5 /* Products */,
			);
			sourceTree = "<group>";
		};
		18857E761CBE9958004DACD5 /* Products */ = {
			isa = PBXGroup;
			children = (
				18857E751CBE9958004DACD5 /* QQMessageCountDemo.app */,
			);
			name = Products;
			sourceTree = "<group>";
		};
		18857E771CBE9958004DACD5 /* QQMessageCountDemo */ = {
			isa = PBXGroup;
			children = (
				18857E7B1CBE9958004DACD5 /* AppDelegate.h */,
				18857E7C1CBE9958004DACD5 /* AppDelegate.m */,
				18857E7E1CBE9958004DACD5 /* ViewController.h */,
				18857E7F1CBE9958004DACD5 /* ViewController.m */,
				18857E811CBE9958004DACD5 /* Main.storyboard */,
				18857E841CBE9958004DACD5 /* Assets.xcassets */,
				18857E861CBE9958004DACD5 /* LaunchScreen.storyboard */,
				18857E891CBE9958004DACD5 /* Info.plist */,
				18857E781CBE9958004DACD5 /* Supporting Files */,
			);
			path = QQMessageCountDemo;
			sourceTree = "<group>";
		};
		18857E781CBE9958004DACD5 /* Supporting Files */ = {
			isa = PBXGroup;
			children = (
				18857E791CBE9958004DACD5 /* main.m */,
			);
			name = "Supporting Files";
			sourceTree = "<group>";
		};
/* End PBXGroup section */

/* Begin PBXNativeTarget section */
		18857E741CBE9958004DACD5 /* QQMessageCountDemo */ = {
			isa = PBXNativeTarget;
			buildConfigurationList = 18857E8C1CBE9958004DACD5 /* Build configuration list for PBXNativeTarget "QQMessageCountDemo" */;
			buildPhases = (
				18857E711CBE9958004DACD5 /* Sources */,
				18857E721CBE9958004DACD5 /* Frameworks */,
				18857E731CBE9958004DACD5 /* Resources */,
			);
			buildRules = (
			);
			dependencies = (
			);
			name = QQMessageCountDemo;
			productName = QQMessageCountDemo;
			productReference = 18857E751CBE9958004DACD5 /* QQMessageCountDemo.app */;
			productType = "com.apple.product-type.application";
		};
/* End PBXNativeTarget section */

/* Begin PBXProject section */
		18857E6D1CBE9958004DACD5 /* Project object */ = {
			isa = PBXProject;
			attributes = {
				LastUpgradeCheck = 0730;
				ORGANIZATIONNAME = Apple;
				TargetAttributes = {
					18857E741CBE9958004DACD5 = {
						CreatedOnToolsVersion = 7.3;
						DevelopmentTeam = KNCBZKMS4W;
					};
				};
			};
			buildConfigurationList = 18857E701CBE9958004DACD5 /* Build configuration list for PBXProject "QQMessageCountDemo" */;
			compatibilityVersion = "Xcode 3.2";
			developmentRegion = English;
			hasScannedForEncodings = 0;
			knownRegions = (
				en,
				Base,
			);
			mainGroup = 18857E6C1CBE9958004DACD5;
			productRefGroup = 18857E761CBE9958004DACD5 /* Products */;
			projectDirPath = "";
			projectRoot = "";
			targets = (
				18857E741CBE9958004DACD5 /* QQMessageCountDemo */,
			);
		};
/* End PBXProject section */

/* Begin PBXResourcesBuildPhase section */
		18857E731CBE9958004DACD5 /* Resources */ = {
			isa = PBXResourcesBuildPhase;
			buildActionMask = 2147483647;
			files = (
				18857E881CBE9958004DACD5 /* LaunchScreen.storyboard in Resources */,
				18857E851CBE9958004DACD5 /* Assets.xcassets in Resources */,
				18857E831CBE9958004DACD5 /* Main.storyboard in Resources */,
			);
			runOnlyForDeploymentPostprocessing = 0;
		};
/* End PBXResourcesBuildPhase section */

/* Begin PBXSourcesBuildPhase section */
		18857E711CBE9958004DACD5 /* Sources */ = {
			isa = PBXSourcesBuildPhase;
			buildActionMask = 2147483647;
			files = (
				18857E801CBE9958004DACD5 /* ViewController.m in Sources */,
				18857E7D1CBE9958004DACD5 /* AppDelegate.m in Sources */,
				18857E7A1CBE9958004DACD5 /* main.m in Sources */,
			);
			runOnlyForDeploymentPostprocessing = 0;
		};
/* End PBXSourcesBuildPhase section */

/* Begin PBXVariantGroup section */
		18857E811CBE9958004DACD5 /* Main.storyboard */ = {
			isa = PBXVariantGroup;
			children = (
				18857E821CBE9958004DACD5 /* Base */,
			);
			name = Main.storyboard;
			sourceTree = "<group>";
		};
		18857E861CBE9958004DACD5 /* LaunchScreen.storyboard */ = {
			isa = PBXVariantGroup;
			children = (
				18857E871CBE9958004DACD5 /* Base */,
			);
			name = LaunchScreen.storyboard;
			sourceTree = "<group>";
		};
/* End PBXVariantGroup section */

/* Begin XCBuildConfiguration section */
		18857E8A1CBE9958004DACD5 /* Debug */ = {
			isa = XCBuildConfiguration;
			buildSettings = {
				ALWAYS_SEARCH_USER_PATHS = NO;
				CLANG_ANALYZER_NONNULL = YES;
				CLANG_CXX_LANGUAGE_STANDARD = "gnu++0x";
				CLANG_CXX_LIBRARY = "libc++";
				CLANG_ENABLE_MODULES = YES;
				CLANG_ENABLE_OBJC_ARC = YES;
				CLANG_WARN_BOOL_CONVERSION = YES;
				CLANG_WARN_CONSTANT_CONVERSION = YES;
				CLANG_WARN_DIRECT_OBJC_ISA_USAGE = YES_ERROR;
				CLANG_WARN_EMPTY_BODY = YES;
				CLANG_WARN_ENUM_CONVERSION = YES;
				CLANG_WARN_INT_CONVERSION = YES;
				CLANG_WARN_OBJC_ROOT_CLASS = YES_ERROR;
				CLANG_WARN_UNREACHABLE_CODE = YES;
				CLANG_WARN__DUPLICATE_METHOD_MATCH = YES;
				"CODE_SIGN_IDENTITY[sdk=iphoneos*]" = "iPhone Developer";
				COPY_PHASE_STRIP = NO;
				DEBUG_INFORMATION_FORMAT = dwarf;
				ENABLE_STRICT_OBJC_MSGSEND = YES;
				ENABLE_TESTABILITY = YES;
				GCC_C_LANGUAGE_STANDARD = gnu99;
				GCC_DYNAMIC_NO_PIC = NO;
				GCC_NO_COMMON_BLOCKS = YES;
				GCC_OPTIMIZATION_LEVEL = 0;
				GCC_PREPROCESSOR_DEFINITIONS = (
					"DEBUG=1",
					"$(inherited)",
				);
				GCC_WARN_64_TO_32_BIT_CONVERSION = YES;
				GCC_WARN_ABOUT_RETURN_TYPE = YES_ERROR;
				GCC_WARN_UNDECLARED_SELECTOR = YES;
				GCC_WARN_UNINITIALIZED_AUTOS = YES_AGGRESSIVE;
				GCC_WARN_UNUSED_FUNCTION = YES;
				GCC_WARN_UNUSED_VARIABLE = YES;
				IPHONEOS_DEPLOYMENT_TARGET = 9.3;
				MTL_ENABLE_DEBUG_INFO = YES;
				ONLY_ACTIVE_ARCH = YES;
				SDKROOT = iphoneos;
			};
			name = Debug;
		};
		18857E8B1CBE9958004DACD5 /* Release */ = {
			isa = XCBuildConfiguration;
			buildSettings = {
				ALWAYS_SEARCH_USER_PATHS = NO;
				CLANG_ANALYZER_NONNULL = YES;
				CLANG_CXX_LANGUAGE_STANDARD = "gnu++0x";
				CLANG_CXX_LIBRARY = "libc++";
				CLANG_ENABLE_MODULES = YES;
				CLANG_ENABLE_OBJC_ARC = YES;
				CLANG_WARN_BOOL_CONVERSION = YES;
				CLANG_WARN_CONSTANT_CONVERSION = YES;
				CLANG_WARN_DIRECT_OBJC_ISA_USAGE = YES_ERROR;
				CLANG_WARN_EMPTY_BODY = YES;
				CLANG_WARN_ENUM_CONVERSION = YES;
				CLANG_WARN_INT_CONVERSION = YES;
				CLANG_WARN_OBJC_ROOT_CLASS = YES_ERROR;
				CLANG_WARN_UNREACHABLE_CODE = YES;
				CLANG_WARN__DUPLICATE_METHOD_MATCH = YES;
				"CODE_SIGN_IDENTITY[sdk=iphoneos*]" = "iPhone Developer";
				COPY_PHASE_STRIP = NO;
				DEBUG_INFORMATION_FORMAT = "dwarf-with-dsym";
				ENABLE_NS_ASSERTIONS = NO;
				ENABLE_STRICT_OBJC_MSGSEND = YES;
				GCC_C_LANGUAGE_STANDARD = gnu99;
				GCC_NO_COMMON_BLOCKS = YES;
				GCC_WARN_64_TO_32_BIT_CONVERSION = YES;
				GCC_WARN_ABOUT_RETURN_TYPE = YES_ERROR;
				GCC_WARN_UNDECLARED_SELECTOR = YES;
				GCC_WARN_UNINITIALIZED_AUTOS = YES_AGGRESSIVE;
				GCC_WARN_UNUSED_FUNCTION = YES;
				GCC_WARN_UNUSED_VARIABLE = YES;
				IPHONEOS_DEPLOYMENT_TARGET = 9.3;
				MTL_ENABLE_DEBUG_INFO = NO;
				SDKROOT = iphoneos;
				VALIDATE_PRODUCT = YES;
			};
			name = Release;
		};
		18857E8D1CBE9958004DACD5 /* Debug */ = {
			isa = XCBuildConfiguration;
			buildSettings = {
				ASSETCATALOG_COMPILER_APPICON_NAME = AppIcon;
				INFOPLIST_FILE = QQMessageCountDemo/Info.plist;
				LD_RUNPATH_SEARCH_PATHS = "$(inherited) @executable_path/Frameworks";
				PRODUCT_BUNDLE_IDENTIFIER = com.jg.QQMessageCountDemo;
				PRODUCT_NAME = "$(TARGET_NAME)";
			};
			name = Debug;
		};
		18857E8E1CBE9958004DACD5 /* Release */ = {
			isa = XCBuildConfiguration;
			buildSettings = {
				ASSETCATALOG_COMPILER_APPICON_NAME = AppIcon;
				INFOPLIST_FILE = QQMessageCountDemo/Info.plist;
				LD_RUNPATH_SEARCH_PATHS = "$(inherited) @executable_path/Frameworks";
				PRODUCT_BUNDLE_IDENTIFIER = com.jg.QQMessageCountDemo;
				PRODUCT_NAME = "$(TARGET_NAME)";
			};
			name = Release;
		};
/* End XCBuildConfiguration section */

/* Begin XCConfigurationList section */
		18857E701CBE9958004DACD5 /* Build configuration list for PBXProject "QQMessageCountDemo" */ = {
			isa = XCConfigurationList;
			buildConfigurations = (
				18857E8A1CBE9958004DACD5 /* Debug */,
				18857E8B1CBE9958004DACD5 /* Release */,
			);
			defaultConfigurationIsVisible = 0;
			defaultConfigurationName = Release;
		};
		18857E8C1CBE9958004DACD5 /* Build configuration list for PBXNativeTarget "QQMessageCountDemo" */ = {
			isa = XCConfigurationList;
			buildConfigurations = (
				18857E8D1CBE9958004DACD5 /* Debug */,
				18857E8E1CBE9958004DACD5 /* Release */,
			);
			defaultConfigurationIsVisible = 0;
		};
/* End XCConfigurationList section */
	};
	rootObject = 18857E6D1CBE9958004DACD5 /* Project object */;
}
